# This file is autogenerated, do not edit; changes may be undone by the next 'dep ensure'.


[[projects]]
  name = "github.com/parnurzeal/gorequest"
  packages = ["."]
  revision = "a578a48e8d6ca8b01a3b18314c43c6716bb5f5a3"
  version = "v0.2.15"

[solve-meta]
  analyzer-name = "dep"
  analyzer-version = 1
  inputs-digest = "375c8e8bce323ace5f6aedb72ae01a8090537c53ec60aa5d6082e66f5515e505"
  solver-name = "gps-cdcl"
  solver-version = 1
